
Microsoft Visual Studio Solution File, Format Version 12.00
# Visual Studio 2013
VisualStudioVersion = 12.0.40629.0
MinimumVisualStudioVersion = 10.0.40219.1
Project("{8BC9CEB8-8B4A-11D0-8D11-00A0C91BC942}") = "Bitmap", "Bitmap\Bitmap.vcxproj", "{9B7ECB55-0E09-46F4-A66C-D7A09A7BE779}"
EndProject
Project("{2150E333-8FDC-42A3-9474-1A3956D46DE8}") = ".nuget", ".nuget", "{8B90C6FB-65A8-458C-8A63-3BBB43788C5A}"
	ProjectSection(SolutionItems) = preProject
		.nuget\NuGet.Config = .nuget\NuGet.Config
		.nuget\NuGet.exe = .nuget\NuGet.exe
		.nuget\NuGet.targets = .nuget\NuGet.targets
	EndProjectSection
EndProject
Global
	GlobalSection(SolutionConfigurationPlatforms) = preSolution
		Debug|Win32 = Debug|Win32
		Release|Win32 = Release|Win32
	EndGlobalSection
	GlobalSection(ProjectConfigurationPlatforms) = postSolution
		{9B7ECB55-0E09-46F4-A66C-D7A09A7BE779}.Debug|Win32.ActiveCfg = Debug|Win32
		{9B7ECB55-0E09-46F4-A66C-D7A09A7BE779}.Debug|Win32.Build.0 = Debug|Win32
		{9B7ECB55-0E09-46F4-A66C-D7A09A7BE779}.Release|Win32.ActiveCfg = Release|Win32
		{9B7ECB55-0E09-46F4-A66C-D7A09A7BE779}.Release|Win32.Build.0 = Release|Win32
	EndGlobalSection
	GlobalSection(SolutionProperties) = preSolution
		HideSolutionNode = FALSE
	EndGlobalSection
EndGlobal
